
Microsoft Visual Studio Solution File, Format Version 12.00
# Visual Studio Version 17
VisualStudioVersion = 17.11.35222.181
MinimumVisualStudioVersion = 10.0.40219.1
Project("{FAE04EC0-301F-11D3-BF4B-00C04F79EFBC}") = "passwordValidator", "passwordValidator\passwordValidator.csproj", "{C33C5816-D28B-485F-B32C-0A4958CF7471}"
EndProject
Global
	GlobalSection(SolutionConfigurationPlatforms) = preSolution
		Debug|Any CPU = Debug|Any CPU
		Release|Any CPU = Release|Any CPU
	EndGlobalSection
	GlobalSection(ProjectConfigurationPlatforms) = postSolution
		{C33C5816-D28B-485F-B32C-0A4958CF7471}.Debug|Any CPU.ActiveCfg = Debug|Any CPU
		{C33C5816-D28B-485F-B32C-0A4958CF7471}.Debug|Any CPU.Build.0 = Debug|Any CPU
		{C33C5816-D28B-485F-B32C-0A4958CF7471}.Release|Any CPU.ActiveCfg = Release|Any CPU
		{C33C5816-D28B-485F-B32C-0A4958CF7471}.Release|Any CPU.Build.0 = Release|Any CPU
	EndGlobalSection
	GlobalSection(SolutionProperties) = preSolution
		HideSolutionNode = FALSE
	EndGlobalSection
	GlobalSection(ExtensibilityGlobals) = postSolution
		SolutionGuid = {E39E366C-198A-4D64-977B-DE703B2BC1D1}
	EndGlobalSection
EndGlobal
